PODS:
  - AppAuth (1.7.5):
    - AppAuth/Core (= 1.7.5)
    - AppAuth/ExternalUserAgent (= 1.7.5)
  - AppAuth/Core (1.7.5)
  - AppAuth/ExternalUserAgent (1.7.5):
    - AppAuth/Core
  - Capacitor (6.2.0):
    - CapacitorCordova
  - CapacitorApp (6.0.2):
    - Capacitor
  - CapacitorCamera (6.1.2):
    - Capacitor
  - CapacitorCordova (6.2.0)
  - CapacitorDevice (6.0.2):
    - Capacitor
  - CapacitorFirebaseAuthentication (6.3.1):
    - Capacitor
    - CapacitorFirebaseAuthentication/Lite (= 6.3.1)
    - FirebaseAuth (~> 11.0)
  - CapacitorFirebaseAuthentication/Google (6.3.1):
    - Capacitor
    - FirebaseAuth (~> 11.0)
    - GoogleSignIn (= 7.1.0)
  - CapacitorFirebaseAuthentication/Lite (6.3.1):
    - Capacitor
    - FirebaseAuth (~> 11.0)
  - CapacitorHaptics (6.0.2):
    - Capacitor
  - CapacitorKeyboard (6.0.3):
    - Capacitor
  - CapacitorStatusBar (6.0.2):
    - Capacitor
  - FirebaseAppCheckInterop (11.7.0)
  - FirebaseAuth (11.4.0):
    - FirebaseAppCheckInterop (~> 11.0)
    - FirebaseAuthInterop (~> 11.0)
    - FirebaseCore (~> 11.4)
    - FirebaseCoreExtension (~> 11.4)
    - GoogleUtilities/AppDelegateSwizzler (~> 8.0)
    - GoogleUtilities/Environment (~> 8.0)
    - GTMSessionFetcher/Core (< 5.0, >= 3.4)
    - RecaptchaInterop (~> 100.0)
  - FirebaseAuthInterop (11.7.0)
  - FirebaseCore (11.4.2):
    - FirebaseCoreInternal (< 12.0, >= 11.4.2)
    - GoogleUtilities/Environment (~> 8.0)
    - GoogleUtilities/Logger (~> 8.0)
  - FirebaseCoreExtension (11.4.1):
    - FirebaseCore (~> 11.0)
  - FirebaseCoreInternal (11.4.2):
    - "GoogleUtilities/NSData+zlib (~> 8.0)"
  - GoogleSignIn (7.1.0):
    - AppAuth (< 2.0, >= 1.7.3)
    - GTMAppAuth (< 5.0, >= 4.1.1)
    - GTMSessionFetcher/Core (~> 3.3)
  - GoogleUtilities/AppDelegateSwizzler (8.0.2):
    - GoogleUtilities/Environment
    - GoogleUtilities/Logger
    - GoogleUtilities/Network
    - GoogleUtilities/Privacy
  - GoogleUtilities/Environment (8.0.2):
    - GoogleUtilities/Privacy
  - GoogleUtilities/Logger (8.0.2):
    - GoogleUtilities/Environment
    - GoogleUtilities/Privacy
  - GoogleUtilities/Network (8.0.2):
    - GoogleUtilities/Logger
    - "GoogleUtilities/NSData+zlib"
    - GoogleUtilities/Privacy
    - GoogleUtilities/Reachability
  - "GoogleUtilities/NSData+zlib (8.0.2)":
    - GoogleUtilities/Privacy
  - GoogleUtilities/Privacy (8.0.2)
  - GoogleUtilities/Reachability (8.0.2):
    - GoogleUtilities/Logger
    - GoogleUtilities/Privacy
  - GTMAppAuth (4.1.1):
    - AppAuth/Core (~> 1.7)
    - GTMSessionFetcher/Core (< 4.0, >= 3.3)
  - GTMSessionFetcher/Core (3.5.0)
  - RecaptchaInterop (100.0.0)

DEPENDENCIES:
  - "Capacitor (from `../../node_modules/@capacitor/ios`)"
  - "CapacitorApp (from `../../node_modules/@capacitor/app`)"
  - "CapacitorCamera (from `../../node_modules/@capacitor/camera`)"
  - "CapacitorCordova (from `../../node_modules/@capacitor/ios`)"
  - "CapacitorDevice (from `../../node_modules/@capacitor/device`)"
  - "CapacitorFirebaseAuthentication (from `../../node_modules/@capacitor-firebase/authentication`)"
  - "CapacitorFirebaseAuthentication/Google (from `../../node_modules/@capacitor-firebase/authentication`)"
  - "CapacitorHaptics (from `../../node_modules/@capacitor/haptics`)"
  - "CapacitorKeyboard (from `../../node_modules/@capacitor/keyboard`)"
  - "CapacitorStatusBar (from `../../node_modules/@capacitor/status-bar`)"

SPEC REPOS:
  trunk:
    - AppAuth
    - FirebaseAppCheckInterop
    - FirebaseAuth
    - FirebaseAuthInterop
    - FirebaseCore
    - FirebaseCoreExtension
    - FirebaseCoreInternal
    - GoogleSignIn
    - GoogleUtilities
    - GTMAppAuth
    - GTMSessionFetcher
    - RecaptchaInterop

EXTERNAL SOURCES:
  Capacitor:
    :path: "../../node_modules/@capacitor/ios"
  CapacitorApp:
    :path: "../../node_modules/@capacitor/app"
  CapacitorCamera:
    :path: "../../node_modules/@capacitor/camera"
  CapacitorCordova:
    :path: "../../node_modules/@capacitor/ios"
  CapacitorDevice:
    :path: "../../node_modules/@capacitor/device"
  CapacitorFirebaseAuthentication:
    :path: "../../node_modules/@capacitor-firebase/authentication"
  CapacitorHaptics:
    :path: "../../node_modules/@capacitor/haptics"
  CapacitorKeyboard:
    :path: "../../node_modules/@capacitor/keyboard"
  CapacitorStatusBar:
    :path: "../../node_modules/@capacitor/status-bar"

SPEC CHECKSUMS:
  AppAuth: 501c04eda8a8d11f179dbe8637b7a91bb7e5d2fa
  Capacitor: 1f3c7b9802d958cd8c4eb63895fff85dff2e1eea
  CapacitorApp: 2a8c3a0b0814322e5e6e15fe595f02c3808f0f8b
  CapacitorCamera: 9052bd3f464f135ba983feccd8ac1266272f0549
  CapacitorCordova: b33e7f4aa4ed105dd43283acdd940964374a87d9
  CapacitorDevice: 1a215717f0b5061503b21a03508b0ec458a57d78
  CapacitorFirebaseAuthentication: 78d8e398050d7c2012ee102cebfbbe01e99d8938
  CapacitorHaptics: b53409aaca1203f79c6d0eb3ed5de40556339518
  CapacitorKeyboard: 460c6f9ec5e52c84f2742d5ce2e67bbc7ab0ebb0
  CapacitorStatusBar: 3b9ac7d0684770522c532d1158a1434512ab1477
  FirebaseAppCheckInterop: 2376d3ec5cb4267facad4fe754ab4f301a5a519b
  FirebaseAuth: c359af98bd703cbf4293eec107a40de08ede6ce6
  FirebaseAuthInterop: a6973d72aa242ea88ffb6be9c9b06c65455071da
  FirebaseCore: 6b32c57269bd999aab34354c3923d92a6e5f3f84
  FirebaseCoreExtension: f1bc67a4702931a7caa097d8e4ac0a1b0d16720e
  FirebaseCoreInternal: 35731192cab10797b88411be84940d2beb33a238
  GoogleSignIn: d4281ab6cf21542b1cfaff85c191f230b399d2db
  GoogleUtilities: 26a3abef001b6533cf678d3eb38fd3f614b7872d
  GTMAppAuth: f69bd07d68cd3b766125f7e072c45d7340dea0de
  GTMSessionFetcher: 5aea5ba6bd522a239e236100971f10cb71b96ab6
  RecaptchaInterop: 7d1a4a01a6b2cb1610a47ef3f85f0c411434cb21

PODFILE CHECKSUM: e5506ea43c2b02788ec7893a597db7e7c06c16ea

COCOAPODS: 1.15.2
